{
  "name": "casparcg-videomonitor",
  "version": "0.1.0",
  "lockfileVersion": 2,
  "requires": true,
  "packages": {
    "": {
      "name": "casparcg-videomonitor",
      "version": "0.1.0",
      "license": "MIT",
      "dependencies": {
        "casparcg-connection": "^5.1.0",
        "tslib": "^2.4.1"
      }
    },
    "node_modules/casparcg-connection": {
      "version": "5.1.0",
      "resolved": "https://registry.npmjs.org/casparcg-connection/-/casparcg-connection-5.1.0.tgz",
      "integrity": "sha512-efYJG3jO2HPNJ0RUCvwmVlesXSbPfTxSoMuiUoOO86C7H5mTte4O8jGa6it7YShyBr8NTpUfPqiPEb7bKTAW3w==",
      "dependencies": {
        "highland": "^3.0.0-beta.6",
        "xml2js": "^0.4.19",
        "xmlbuilder": "^9.0.7"
      },
      "engines": {
        "node": ">=10.10"
      }
    },
    "node_modules/highland": {
      "version": "3.0.0-beta.10",
      "resolved": "https://registry.npmjs.org/highland/-/highland-3.0.0-beta.10.tgz",
      "integrity": "sha512-fBxAarP4g0AFWRKd+SJBWsKmkyw1WZdQZ1jjFSAVrxLXIhEo5NnEBy+rDEM695Z/i4/tP2lMYW6iuotStDFHYw=="
    },
    "node_modules/sax": {
      "version": "1.2.4",
      "resolved": "https://registry.npmjs.org/sax/-/sax-1.2.4.tgz",
      "integrity": "sha512-NqVDv9TpANUjFm0N8uM5GxL36UgKi9/atZw+x7YFnQ8ckwFGKrl4xX4yWtrey3UJm5nP1kUbnYgLopqWNSRhWw=="
    },
    "node_modules/tslib": {
      "version": "2.4.1",
      "resolved": "https://registry.npmjs.org/tslib/-/tslib-2.4.1.tgz",
      "integrity": "sha512-tGyy4dAjRIEwI7BzsB0lynWgOpfqjUdq91XXAlIWD2OwKBH7oCl/GZG/HT4BOHrTlPMOASlMQ7veyTqpmRcrNA=="
    },
    "node_modules/xml2js": {
      "version": "0.4.23",
      "resolved": "https://registry.npmjs.org/xml2js/-/xml2js-0.4.23.tgz",
      "integrity": "sha512-ySPiMjM0+pLDftHgXY4By0uswI3SPKLDw/i3UXbnO8M/p28zqexCUoPmQFrYD+/1BzhGJSs2i1ERWKJAtiLrug==",
      "dependencies": {
        "sax": ">=0.6.0",
        "xmlbuilder": "~11.0.0"
      },
      "engines": {
        "node": ">=4.0.0"
      }
    },
    "node_modules/xml2js/node_modules/xmlbuilder": {
      "version": "11.0.1",
      "resolved": "https://registry.npmjs.org/xmlbuilder/-/xmlbuilder-11.0.1.tgz",
      "integrity": "sha512-fDlsI/kFEx7gLvbecc0/ohLG50fugQp8ryHzMTuW9vSa1GJ0XYWKnhsUx7oie3G98+r56aTQIUB4kht42R3JvA==",
      "engines": {
        "node": ">=4.0"
      }
    },
    "node_modules/xmlbuilder": {
      "version": "9.0.7",
      "resolved": "https://registry.npmjs.org/xmlbuilder/-/xmlbuilder-9.0.7.tgz",
      "integrity": "sha512-7YXTQc3P2l9+0rjaUbLwMKRhtmwg1M1eDf6nag7urC7pIPYLD9W/jmzQ4ptRSUbodw5S0jfoGTflLemQibSpeQ==",
      "engines": {
        "node": ">=4.0"
      }
    }
  },
  "dependencies": {
    "casparcg-connection": {
      "version": "5.1.0",
      "resolved": "https://registry.npmjs.org/casparcg-connection/-/casparcg-connection-5.1.0.tgz",
      "integrity": "sha512-efYJG3jO2HPNJ0RUCvwmVlesXSbPfTxSoMuiUoOO86C7H5mTte4O8jGa6it7YShyBr8NTpUfPqiPEb7bKTAW3w==",
      "requires": {
        "highland": "^3.0.0-beta.6",
        "xml2js": "^0.4.19",
        "xmlbuilder": "^9.0.7"
      }
    },
    "highland": {
      "version": "3.0.0-beta.10",
      "resolved": "https://registry.npmjs.org/highland/-/highland-3.0.0-beta.10.tgz",
      "integrity": "sha512-fBxAarP4g0AFWRKd+SJBWsKmkyw1WZdQZ1jjFSAVrxLXIhEo5NnEBy+rDEM695Z/i4/tP2lMYW6iuotStDFHYw=="
    },
    "sax": {
      "version": "1.2.4",
      "resolved": "https://registry.npmjs.org/sax/-/sax-1.2.4.tgz",
      "integrity": "sha512-NqVDv9TpANUjFm0N8uM5GxL36UgKi9/atZw+x7YFnQ8ckwFGKrl4xX4yWtrey3UJm5nP1kUbnYgLopqWNSRhWw=="
    },
    "tslib": {
      "version": "2.4.1",
      "resolved": "https://registry.npmjs.org/tslib/-/tslib-2.4.1.tgz",
      "integrity": "sha512-tGyy4dAjRIEwI7BzsB0lynWgOpfqjUdq91XXAlIWD2OwKBH7oCl/GZG/HT4BOHrTlPMOASlMQ7veyTqpmRcrNA=="
    },
    "xml2js": {
      "version": "0.4.23",
      "resolved": "https://registry.npmjs.org/xml2js/-/xml2js-0.4.23.tgz",
      "integrity": "sha512-ySPiMjM0+pLDftHgXY4By0uswI3SPKLDw/i3UXbnO8M/p28zqexCUoPmQFrYD+/1BzhGJSs2i1ERWKJAtiLrug==",
      "requires": {
        "sax": ">=0.6.0",
        "xmlbuilder": "~11.0.0"
      },
      "dependencies": {
        "xmlbuilder": {
          "version": "11.0.1",
          "resolved": "https://registry.npmjs.org/xmlbuilder/-/xmlbuilder-11.0.1.tgz",
          "integrity": "sha512-fDlsI/kFEx7gLvbecc0/ohLG50fugQp8ryHzMTuW9vSa1GJ0XYWKnhsUx7oie3G98+r56aTQIUB4kht42R3JvA=="
        }
      }
    },
    "xmlbuilder": {
      "version": "9.0.7",
      "resolved": "https://registry.npmjs.org/xmlbuilder/-/xmlbuilder-9.0.7.tgz",
      "integrity": "sha512-7YXTQc3P2l9+0rjaUbLwMKRhtmwg1M1eDf6nag7urC7pIPYLD9W/jmzQ4ptRSUbodw5S0jfoGTflLemQibSpeQ=="
    }
  }
}
